
Microsoft Visual Studio Solution File, Format Version 12.00
# Visual Studio Version 16
VisualStudioVersion = 16.0.31424.327
MinimumVisualStudioVersion = 10.0.40219.1
Project("{E53339B2-1760-4266-BCC7-CA923CBCF16C}") = "docker-compose", "docker-compose.dcproj", "{767C5552-E612-47A0-AC69-54139D956F52}"
EndProject
Project("{9A19103F-16F7-4668-BE54-9A1E7A4F7556}") = "Identity.API", "Services\Identity\Identity.API\Identity.API.csproj", "{C5323BAF-81A7-490B-9263-24163236E31D}"
EndProject
Project("{2150E333-8FDC-42A3-9474-1A3956D46DE8}") = "Services", "Services", "{FC7A63AF-27EF-4AB1-8BEB-9DE54814689A}"
EndProject
Project("{2150E333-8FDC-42A3-9474-1A3956D46DE8}") = "Identity", "Identity", "{E15D5402-EE99-44AF-9769-B4837CC1DFE8}"
EndProject
Project("{2150E333-8FDC-42A3-9474-1A3956D46DE8}") = "ApiGateway", "ApiGateway", "{E5EA9728-135C-47A8-8342-D469E1FA8EB3}"
EndProject
Project("{2150E333-8FDC-42A3-9474-1A3956D46DE8}") = "Web.BFF.Order", "Web.BFF.Order", "{EB9C3C58-9609-497E-A0DE-E78E861821B2}"
EndProject
Project("{9A19103F-16F7-4668-BE54-9A1E7A4F7556}") = "Basket.API", "Services\Basket\Basket.API\Basket.API.csproj", "{80F6CBBC-7C3B-4ECA-B633-90624C82204E}"
EndProject
Project("{2150E333-8FDC-42A3-9474-1A3956D46DE8}") = "Basket", "Basket", "{ABB03A55-5592-4F44-AB6A-10250D9183D2}"
EndProject
Project("{9A19103F-16F7-4668-BE54-9A1E7A4F7556}") = "aggegator", "ApiGateways\Web.BFF.Order\aggegator\aggegator.csproj", "{4F65DCE9-E991-4EC5-8A32-CE385D5E4484}"
EndProject
Project("{2150E333-8FDC-42A3-9474-1A3956D46DE8}") = "BuildingBlocks", "BuildingBlocks", "{2E20D54F-265C-4839-ADDB-11194C7CAC63}"
EndProject
Project("{2150E333-8FDC-42A3-9474-1A3956D46DE8}") = "EventBus", "EventBus", "{60165578-D96A-44AD-B178-16729A47A89D}"
EndProject
Project("{2150E333-8FDC-42A3-9474-1A3956D46DE8}") = "WebHostCustomization", "WebHostCustomization", "{2E92C894-BF22-47D7-9856-069AFC7C62A5}"
EndProject
Project("{FAE04EC0-301F-11D3-BF4B-00C04F79EFBC}") = "EventBus.Tests", "BuildingBlocks\EventBus\EventBus.Tests\EventBus.Tests.csproj", "{42ADA754-3C56-43AA-9F95-51BE34078D7E}"
EndProject
Project("{FAE04EC0-301F-11D3-BF4B-00C04F79EFBC}") = "EventBus", "BuildingBlocks\EventBus\EventBus\EventBus.csproj", "{2C4C8447-9038-44F3-8F5C-0F8E54B5E77B}"
EndProject
Global
	GlobalSection(SolutionConfigurationPlatforms) = preSolution
		Debug|Any CPU = Debug|Any CPU
		Release|Any CPU = Release|Any CPU
	EndGlobalSection
	GlobalSection(ProjectConfigurationPlatforms) = postSolution
		{767C5552-E612-47A0-AC69-54139D956F52}.Debug|Any CPU.ActiveCfg = Debug|Any CPU
		{767C5552-E612-47A0-AC69-54139D956F52}.Debug|Any CPU.Build.0 = Debug|Any CPU
		{767C5552-E612-47A0-AC69-54139D956F52}.Release|Any CPU.ActiveCfg = Release|Any CPU
		{767C5552-E612-47A0-AC69-54139D956F52}.Release|Any CPU.Build.0 = Release|Any CPU
		{C5323BAF-81A7-490B-9263-24163236E31D}.Debug|Any CPU.ActiveCfg = Debug|Any CPU
		{C5323BAF-81A7-490B-9263-24163236E31D}.Debug|Any CPU.Build.0 = Debug|Any CPU
		{C5323BAF-81A7-490B-9263-24163236E31D}.Release|Any CPU.ActiveCfg = Release|Any CPU
		{C5323BAF-81A7-490B-9263-24163236E31D}.Release|Any CPU.Build.0 = Release|Any CPU
		{80F6CBBC-7C3B-4ECA-B633-90624C82204E}.Debug|Any CPU.ActiveCfg = Debug|Any CPU
		{80F6CBBC-7C3B-4ECA-B633-90624C82204E}.Debug|Any CPU.Build.0 = Debug|Any CPU
		{80F6CBBC-7C3B-4ECA-B633-90624C82204E}.Release|Any CPU.ActiveCfg = Release|Any CPU
		{80F6CBBC-7C3B-4ECA-B633-90624C82204E}.Release|Any CPU.Build.0 = Release|Any CPU
		{4F65DCE9-E991-4EC5-8A32-CE385D5E4484}.Debug|Any CPU.ActiveCfg = Debug|Any CPU
		{4F65DCE9-E991-4EC5-8A32-CE385D5E4484}.Debug|Any CPU.Build.0 = Debug|Any CPU
		{4F65DCE9-E991-4EC5-8A32-CE385D5E4484}.Release|Any CPU.ActiveCfg = Release|Any CPU
		{4F65DCE9-E991-4EC5-8A32-CE385D5E4484}.Release|Any CPU.Build.0 = Release|Any CPU
		{42ADA754-3C56-43AA-9F95-51BE34078D7E}.Debug|Any CPU.ActiveCfg = Debug|Any CPU
		{42ADA754-3C56-43AA-9F95-51BE34078D7E}.Debug|Any CPU.Build.0 = Debug|Any CPU
		{42ADA754-3C56-43AA-9F95-51BE34078D7E}.Release|Any CPU.ActiveCfg = Release|Any CPU
		{42ADA754-3C56-43AA-9F95-51BE34078D7E}.Release|Any CPU.Build.0 = Release|Any CPU
		{2C4C8447-9038-44F3-8F5C-0F8E54B5E77B}.Debug|Any CPU.ActiveCfg = Debug|Any CPU
		{2C4C8447-9038-44F3-8F5C-0F8E54B5E77B}.Debug|Any CPU.Build.0 = Debug|Any CPU
		{2C4C8447-9038-44F3-8F5C-0F8E54B5E77B}.Release|Any CPU.ActiveCfg = Release|Any CPU
		{2C4C8447-9038-44F3-8F5C-0F8E54B5E77B}.Release|Any CPU.Build.0 = Release|Any CPU
	EndGlobalSection
	GlobalSection(SolutionProperties) = preSolution
		HideSolutionNode = FALSE
	EndGlobalSection
	GlobalSection(NestedProjects) = preSolution
		{C5323BAF-81A7-490B-9263-24163236E31D} = {E15D5402-EE99-44AF-9769-B4837CC1DFE8}
		{E15D5402-EE99-44AF-9769-B4837CC1DFE8} = {FC7A63AF-27EF-4AB1-8BEB-9DE54814689A}
		{EB9C3C58-9609-497E-A0DE-E78E861821B2} = {E5EA9728-135C-47A8-8342-D469E1FA8EB3}
		{80F6CBBC-7C3B-4ECA-B633-90624C82204E} = {ABB03A55-5592-4F44-AB6A-10250D9183D2}
		{ABB03A55-5592-4F44-AB6A-10250D9183D2} = {FC7A63AF-27EF-4AB1-8BEB-9DE54814689A}
		{4F65DCE9-E991-4EC5-8A32-CE385D5E4484} = {EB9C3C58-9609-497E-A0DE-E78E861821B2}
		{60165578-D96A-44AD-B178-16729A47A89D} = {2E20D54F-265C-4839-ADDB-11194C7CAC63}
		{2E92C894-BF22-47D7-9856-069AFC7C62A5} = {2E20D54F-265C-4839-ADDB-11194C7CAC63}
		{42ADA754-3C56-43AA-9F95-51BE34078D7E} = {60165578-D96A-44AD-B178-16729A47A89D}
		{2C4C8447-9038-44F3-8F5C-0F8E54B5E77B} = {60165578-D96A-44AD-B178-16729A47A89D}
	EndGlobalSection
	GlobalSection(ExtensibilityGlobals) = postSolution
		SolutionGuid = {9980B5B2-2F7B-4602-A169-86FCFEC4255B}
	EndGlobalSection
EndGlobal
